
Microsoft Visual Studio Solution File, Format Version 12.00
# Visual Studio 15
VisualStudioVersion = 15.0.27703.2042
MinimumVisualStudioVersion = 10.0.40219.1
Project("{FAE04EC0-301F-11D3-BF4B-00C04F79EFBC}") = "Providigm.SSOSample", "Providigm.SSOSample\Providigm.SSOSample.csproj", "{B00416F6-A874-4F05-B68A-B60AA8EC6857}"
EndProject
Project("{FAE04EC0-301F-11D3-BF4B-00C04F79EFBC}") = "Providigm.Sso", "Providigm.Sso\Providigm.Sso.csproj", "{0A45772C-4D0F-4D83-B25A-542B7D6E6DF8}"
EndProject
Project("{FAE04EC0-301F-11D3-BF4B-00C04F79EFBC}") = "YourWebGateway", "YourWebGateway\YourWebGateway.csproj", "{9AD7780B-29A8-45AC-9288-CC5FA79ABC42}"
EndProject
Project("{FAE04EC0-301F-11D3-BF4B-00C04F79EFBC}") = "YourWebGateway45", "YourWebGateway45\YourWebGateway45.csproj", "{282C76AD-5B82-418C-A6B3-6DA24BD39F45}"
EndProject
Project("{FAE04EC0-301F-11D3-BF4B-00C04F79EFBC}") = "YourWebForm", "YourWebForm\YourWebForm.csproj", "{A9D86AC9-943A-4F77-927D-417F4E8AC30C}"
EndProject
Global
	GlobalSection(SolutionConfigurationPlatforms) = preSolution
		Debug|Any CPU = Debug|Any CPU
		Release|Any CPU = Release|Any CPU
	EndGlobalSection
	GlobalSection(ProjectConfigurationPlatforms) = postSolution
		{B00416F6-A874-4F05-B68A-B60AA8EC6857}.Debug|Any CPU.ActiveCfg = Debug|Any CPU
		{B00416F6-A874-4F05-B68A-B60AA8EC6857}.Debug|Any CPU.Build.0 = Debug|Any CPU
		{B00416F6-A874-4F05-B68A-B60AA8EC6857}.Release|Any CPU.ActiveCfg = Release|Any CPU
		{B00416F6-A874-4F05-B68A-B60AA8EC6857}.Release|Any CPU.Build.0 = Release|Any CPU
		{0A45772C-4D0F-4D83-B25A-542B7D6E6DF8}.Debug|Any CPU.ActiveCfg = Debug|Any CPU
		{0A45772C-4D0F-4D83-B25A-542B7D6E6DF8}.Debug|Any CPU.Build.0 = Debug|Any CPU
		{0A45772C-4D0F-4D83-B25A-542B7D6E6DF8}.Release|Any CPU.ActiveCfg = Release|Any CPU
		{0A45772C-4D0F-4D83-B25A-542B7D6E6DF8}.Release|Any CPU.Build.0 = Release|Any CPU
		{9AD7780B-29A8-45AC-9288-CC5FA79ABC42}.Debug|Any CPU.ActiveCfg = Debug|Any CPU
		{9AD7780B-29A8-45AC-9288-CC5FA79ABC42}.Debug|Any CPU.Build.0 = Debug|Any CPU
		{9AD7780B-29A8-45AC-9288-CC5FA79ABC42}.Release|Any CPU.ActiveCfg = Release|Any CPU
		{9AD7780B-29A8-45AC-9288-CC5FA79ABC42}.Release|Any CPU.Build.0 = Release|Any CPU
		{282C76AD-5B82-418C-A6B3-6DA24BD39F45}.Debug|Any CPU.ActiveCfg = Debug|Any CPU
		{282C76AD-5B82-418C-A6B3-6DA24BD39F45}.Debug|Any CPU.Build.0 = Debug|Any CPU
		{282C76AD-5B82-418C-A6B3-6DA24BD39F45}.Release|Any CPU.ActiveCfg = Release|Any CPU
		{282C76AD-5B82-418C-A6B3-6DA24BD39F45}.Release|Any CPU.Build.0 = Release|Any CPU
		{A9D86AC9-943A-4F77-927D-417F4E8AC30C}.Debug|Any CPU.ActiveCfg = Debug|Any CPU
		{A9D86AC9-943A-4F77-927D-417F4E8AC30C}.Debug|Any CPU.Build.0 = Debug|Any CPU
		{A9D86AC9-943A-4F77-927D-417F4E8AC30C}.Release|Any CPU.ActiveCfg = Release|Any CPU
		{A9D86AC9-943A-4F77-927D-417F4E8AC30C}.Release|Any CPU.Build.0 = Release|Any CPU
	EndGlobalSection
	GlobalSection(SolutionProperties) = preSolution
		HideSolutionNode = FALSE
	EndGlobalSection
	GlobalSection(ExtensibilityGlobals) = postSolution
		SolutionGuid = {3AF14BD5-C9A8-4193-AA5B-42DDCA133786}
	EndGlobalSection
EndGlobal
